<?xml version="1.0" encoding="utf-8"?>
<Project ToolsVersion="4.0" xmlns="http://schemas.microsoft.com/developer/msbuild/2003">
  <ItemGroup>
    <ClCompile Include="stdafx.cpp" />
    <ClCompile Include="lander.cpp" />
    <ClCompile Include="world.cpp" />
  </ItemGroup>
  <ItemGroup>
    <ClInclude Include="graphics.h" />
    <ClInclude Include="resource.h" />
    <ClInclude Include="stdafx.h" />
    <ClInclude Include="targetver.h" />
    <ClInclude Include="lander.h" />
    <ClInclude Include="world.h" />
  </ItemGroup>
  <ItemGroup>
    <ResourceCompile Include="lander.rc" />
  </ItemGroup>
  <ItemGroup>
    <None Include="README.md" />
    <None Include="small.ico" />
    <None Include="images\alphabet.png">
      <Filter>images</Filter>
    </None>
  </ItemGroup>
  <ItemGroup>
    <Filter Include="images">
      <UniqueIdentifier>{ebe245f1-cd90-4eaf-82cc-71f0614a2b0d}</UniqueIdentifier>
    </Filter>
  </ItemGroup>
</Project>